
Microsoft Visual Studio Solution File, Format Version 12.00
# Visual Studio Version 17
VisualStudioVersion = 17.11.35219.272
MinimumVisualStudioVersion = 10.0.40219.1
Project("{9A19103F-16F7-4668-BE54-9A1E7A4F7556}") = "Txt2Shp4Sharp", "Txt2Shp4Sharp.csproj", "{320AE5E3-11E7-4146-9117-096386F002E9}"
EndProject
Global
	GlobalSection(SolutionConfigurationPlatforms) = preSolution
		Debug|Any CPU = Debug|Any CPU
		Debug|ARM64 = Debug|ARM64
		Debug|x64 = Debug|x64
		Debug|x86 = Debug|x86
		Release|Any CPU = Release|Any CPU
		Release|ARM64 = Release|ARM64
		Release|x64 = Release|x64
		Release|x86 = Release|x86
	EndGlobalSection
	GlobalSection(ProjectConfigurationPlatforms) = postSolution
		{320AE5E3-11E7-4146-9117-096386F002E9}.Debug|Any CPU.ActiveCfg = Debug|Any CPU
		{320AE5E3-11E7-4146-9117-096386F002E9}.Debug|Any CPU.Build.0 = Debug|Any CPU
		{320AE5E3-11E7-4146-9117-096386F002E9}.Debug|ARM64.ActiveCfg = Debug|ARM64
		{320AE5E3-11E7-4146-9117-096386F002E9}.Debug|ARM64.Build.0 = Debug|ARM64
		{320AE5E3-11E7-4146-9117-096386F002E9}.Debug|x64.ActiveCfg = Debug|x64
		{320AE5E3-11E7-4146-9117-096386F002E9}.Debug|x64.Build.0 = Debug|x64
		{320AE5E3-11E7-4146-9117-096386F002E9}.Debug|x86.ActiveCfg = Debug|x86
		{320AE5E3-11E7-4146-9117-096386F002E9}.Debug|x86.Build.0 = Debug|x86
		{320AE5E3-11E7-4146-9117-096386F002E9}.Release|Any CPU.ActiveCfg = Release|Any CPU
		{320AE5E3-11E7-4146-9117-096386F002E9}.Release|Any CPU.Build.0 = Release|Any CPU
		{320AE5E3-11E7-4146-9117-096386F002E9}.Release|ARM64.ActiveCfg = Release|ARM64
		{320AE5E3-11E7-4146-9117-096386F002E9}.Release|ARM64.Build.0 = Release|ARM64
		{320AE5E3-11E7-4146-9117-096386F002E9}.Release|x64.ActiveCfg = Release|x64
		{320AE5E3-11E7-4146-9117-096386F002E9}.Release|x64.Build.0 = Release|x64
		{320AE5E3-11E7-4146-9117-096386F002E9}.Release|x86.ActiveCfg = Release|x86
		{320AE5E3-11E7-4146-9117-096386F002E9}.Release|x86.Build.0 = Release|x86
	EndGlobalSection
	GlobalSection(SolutionProperties) = preSolution
		HideSolutionNode = FALSE
	EndGlobalSection
	GlobalSection(ExtensibilityGlobals) = postSolution
		SolutionGuid = {C3770301-CEFD-41D5-AB7E-BD38966804FF}
	EndGlobalSection
EndGlobal
